
Microsoft Visual Studio Solution File, Format Version 12.00
# Visual Studio 14
VisualStudioVersion = 14.0.23107.0
MinimumVisualStudioVersion = 10.0.40219.1
Project("{2150E333-8FDC-42A3-9474-1A3956D46DE8}") = "src", "src", "{8DB404F0-1A3B-4E28-9DE9-037899CEA527}"
EndProject
Project("{2150E333-8FDC-42A3-9474-1A3956D46DE8}") = "Solution Items", "Solution Items", "{8790CFFA-C53A-4726-824E-74E0A6BD03E5}"
	ProjectSection(SolutionItems) = preProject
		global.json = global.json
	EndProjectSection
EndProject
Project("{8BB2217D-0F2D-49D1-97BC-3654ED321F3B}") = "SakeExtensions.Tests", "test\SakeExtensions.Tests\SakeExtensions.Tests.xproj", "{7AA6C27F-FE73-4F9B-B186-8708E6B7A39A}"
EndProject
Global
	GlobalSection(SolutionConfigurationPlatforms) = preSolution
		Debug|Any CPU = Debug|Any CPU
		Release|Any CPU = Release|Any CPU
	EndGlobalSection
	GlobalSection(ProjectConfigurationPlatforms) = postSolution
		{7AA6C27F-FE73-4F9B-B186-8708E6B7A39A}.Debug|Any CPU.ActiveCfg = Debug|Any CPU
		{7AA6C27F-FE73-4F9B-B186-8708E6B7A39A}.Debug|Any CPU.Build.0 = Debug|Any CPU
		{7AA6C27F-FE73-4F9B-B186-8708E6B7A39A}.Release|Any CPU.ActiveCfg = Release|Any CPU
		{7AA6C27F-FE73-4F9B-B186-8708E6B7A39A}.Release|Any CPU.Build.0 = Release|Any CPU
	EndGlobalSection
	GlobalSection(SolutionProperties) = preSolution
		HideSolutionNode = FALSE
	EndGlobalSection
	GlobalSection(NestedProjects) = preSolution
		{7AA6C27F-FE73-4F9B-B186-8708E6B7A39A} = {8DB404F0-1A3B-4E28-9DE9-037899CEA527}
	EndGlobalSection
EndGlobal
